
Microsoft Visual Studio Solution File, Format Version 12.00
# Visual Studio 15
Project("{FAE04EC0-301F-11D3-BF4B-00C04F79EFBC}") = "Console_Backup", "Console_Backup\Console_Backup.csproj", "{CE772126-0539-49B9-80B5-72C8B0F9CA04}"
EndProject
Global
	GlobalSection(SolutionConfigurationPlatforms) = preSolution
		Debug|Any CPU = Debug|Any CPU
		Release|Any CPU = Release|Any CPU
	EndGlobalSection
	GlobalSection(ProjectConfigurationPlatforms) = postSolution
		{CE772126-0539-49B9-80B5-72C8B0F9CA04}.Debug|Any CPU.ActiveCfg = Debug|Any CPU
		{CE772126-0539-49B9-80B5-72C8B0F9CA04}.Debug|Any CPU.Build.0 = Debug|Any CPU
		{CE772126-0539-49B9-80B5-72C8B0F9CA04}.Release|Any CPU.ActiveCfg = Release|Any CPU
		{CE772126-0539-49B9-80B5-72C8B0F9CA04}.Release|Any CPU.Build.0 = Release|Any CPU
	EndGlobalSection
EndGlobal
